
Microsoft Visual Studio Solution File, Format Version 12.00
# Visual Studio 14
VisualStudioVersion = 14.0.24720.0
MinimumVisualStudioVersion = 10.0.40219.1
Project("{FAE04EC0-301F-11D3-BF4B-00C04F79EFBC}") = "Cajero_Automatico", "Cajero_Automatico\Cajero_Automatico.csproj", "{20109BC5-B7E0-4B90-94DA-1A6F25C70CAB}"
EndProject
Global
	GlobalSection(SolutionConfigurationPlatforms) = preSolution
		Debug|Any CPU = Debug|Any CPU
		Release|Any CPU = Release|Any CPU
	EndGlobalSection
	GlobalSection(ProjectConfigurationPlatforms) = postSolution
		{20109BC5-B7E0-4B90-94DA-1A6F25C70CAB}.Debug|Any CPU.ActiveCfg = Debug|Any CPU
		{20109BC5-B7E0-4B90-94DA-1A6F25C70CAB}.Debug|Any CPU.Build.0 = Debug|Any CPU
		{20109BC5-B7E0-4B90-94DA-1A6F25C70CAB}.Release|Any CPU.ActiveCfg = Release|Any CPU
		{20109BC5-B7E0-4B90-94DA-1A6F25C70CAB}.Release|Any CPU.Build.0 = Release|Any CPU
	EndGlobalSection
	GlobalSection(SolutionProperties) = preSolution
		HideSolutionNode = FALSE
	EndGlobalSection
EndGlobal
